
Microsoft Visual Studio Solution File, Format Version 12.00
# Visual Studio 2012
Project("{FAE04EC0-301F-11D3-BF4B-00C04F79EFBC}") = "AlunaToolsDemo", "Code\AlunaToolsDemo.csproj", "{F4D3DF9B-E5B7-4B0B-9F99-6A998AF7CB32}"
EndProject
Global
	GlobalSection(SolutionConfigurationPlatforms) = preSolution
		Debug|x86 = Debug|x86
		Release|x86 = Release|x86
	EndGlobalSection
	GlobalSection(ProjectConfigurationPlatforms) = postSolution
		{F4D3DF9B-E5B7-4B0B-9F99-6A998AF7CB32}.Debug|x86.ActiveCfg = Debug|x86
		{F4D3DF9B-E5B7-4B0B-9F99-6A998AF7CB32}.Debug|x86.Build.0 = Debug|x86
		{F4D3DF9B-E5B7-4B0B-9F99-6A998AF7CB32}.Release|x86.ActiveCfg = Release|x86
		{F4D3DF9B-E5B7-4B0B-9F99-6A998AF7CB32}.Release|x86.Build.0 = Release|x86
	EndGlobalSection
	GlobalSection(SolutionProperties) = preSolution
		HideSolutionNode = FALSE
	EndGlobalSection
EndGlobal
